{
    "_meta": {
        "hash": {
            "sha256": "7833fd7d9c781eef462134f22a1e92448cfed6fd8f706ff0a13b1d76aeeb7b69"
        },
        "pipfile-spec": 6,
        "requires": {
            "python_version": "3.6"
        },
        "sources": [
            {
                "name": "pypi",
                "url": "https://pypi.org/simple",
                "verify_ssl": true
            }
        ]
    },
    "default": {
        "attrs": {
            "hashes": [
                "sha256:08a96c641c3a74e44eb59afb61a24f2cb9f4d7188748e76ba4bb5edfa3cb7d1c",
                "sha256:f7b7ce16570fe9965acd6d30101a28f62fb4a7f9e926b3bbc9b61f8b04247e72"
            ],
            "version": "==19.3.0"
        },
        "certifi": {
            "hashes": [
                "sha256:017c25db2a153ce562900032d5bc68e9f191e44e9a0f762f373977de9df1fbb3",
                "sha256:25b64c7da4cd7479594d035c08c2d809eb4aab3a26e5a990ea98cc450c320f1f"
            ],
            "version": "==2019.11.28"
        },
        "chardet": {
            "hashes": [
                "sha256:84ab92ed1c4d4f16916e05906b6b75a6c0fb5db821cc65e70cbd64a3e2a5eaae",
                "sha256:fc323ffcaeaed0e0a02bf4d117757b98aed530d9ed4531e3e15460124c106691"
            ],
            "version": "==3.0.4"
        },
        "coverage": {
            "hashes": [
                "sha256:15cf13a6896048d6d947bf7d222f36e4809ab926894beb748fc9caa14605d9c3",
                "sha256:1daa3eceed220f9fdb80d5ff950dd95112cd27f70d004c7918ca6dfc6c47054c",
                "sha256:1e44a022500d944d42f94df76727ba3fc0a5c0b672c358b61067abb88caee7a0",
                "sha256:25dbf1110d70bab68a74b4b9d74f30e99b177cde3388e07cc7272f2168bd1477",
                "sha256:3230d1003eec018ad4a472d254991e34241e0bbd513e97a29727c7c2f637bd2a",
                "sha256:3dbb72eaeea5763676a1a1efd9b427a048c97c39ed92e13336e726117d0b72bf",
                "sha256:5012d3b8d5a500834783689a5d2292fe06ec75dc86ee1ccdad04b6f5bf231691",
                "sha256:51bc7710b13a2ae0c726f69756cf7ffd4362f4ac36546e243136187cfcc8aa73",
                "sha256:527b4f316e6bf7755082a783726da20671a0cc388b786a64417780b90565b987",
                "sha256:722e4557c8039aad9592c6a4213db75da08c2cd9945320220634f637251c3894",
                "sha256:76e2057e8ffba5472fd28a3a010431fd9e928885ff480cb278877c6e9943cc2e",
                "sha256:77afca04240c40450c331fa796b3eab6f1e15c5ecf8bf2b8bee9706cd5452fef",
                "sha256:7afad9835e7a651d3551eab18cbc0fdb888f0a6136169fbef0662d9cdc9987cf",
                "sha256:9bea19ac2f08672636350f203db89382121c9c2ade85d945953ef3c8cf9d2a68",
                "sha256:a8b8ac7876bc3598e43e2603f772d2353d9931709345ad6c1149009fd1bc81b8",
                "sha256:b0840b45187699affd4c6588286d429cd79a99d509fe3de0f209594669bb0954",
                "sha256:b26aaf69713e5674efbde4d728fb7124e429c9466aeaf5f4a7e9e699b12c9fe2",
                "sha256:b63dd43f455ba878e5e9f80ba4f748c0a2156dde6e0e6e690310e24d6e8caf40",
                "sha256:be18f4ae5a9e46edae3f329de2191747966a34a3d93046dbdf897319923923bc",
                "sha256:c312e57847db2526bc92b9bfa78266bfbaabac3fdcd751df4d062cd4c23e46dc",
                "sha256:c60097190fe9dc2b329a0eb03393e2e0829156a589bd732e70794c0dd804258e",
                "sha256:c62a2143e1313944bf4a5ab34fd3b4be15367a02e9478b0ce800cb510e3bbb9d",
                "sha256:cc1109f54a14d940b8512ee9f1c3975c181bbb200306c6d8b87d93376538782f",
                "sha256:cd60f507c125ac0ad83f05803063bed27e50fa903b9c2cfee3f8a6867ca600fc",
                "sha256:d513cc3db248e566e07a0da99c230aca3556d9b09ed02f420664e2da97eac301",
                "sha256:d649dc0bcace6fcdb446ae02b98798a856593b19b637c1b9af8edadf2b150bea",
                "sha256:d7008a6796095a79544f4da1ee49418901961c97ca9e9d44904205ff7d6aa8cb",
                "sha256:da93027835164b8223e8e5af2cf902a4c80ed93cb0909417234f4a9df3bcd9af",
                "sha256:e69215621707119c6baf99bda014a45b999d37602cb7043d943c76a59b05bf52",
                "sha256:ea9525e0fef2de9208250d6c5aeeee0138921057cd67fcef90fbed49c4d62d37",
                "sha256:fca1669d464f0c9831fd10be2eef6b86f5ebd76c724d1e0706ebdff86bb4adf0"
            ],
            "version": "==5.0.3"
        },
        "django": {
            "hashes": [
                "sha256:1226168be1b1c7efd0e66ee79b0e0b58b2caa7ed87717909cd8a57bb13a7079a",
                "sha256:9a4635813e2d498a3c01b10c701fe4a515d76dd290aaa792ccb65ca4ccb6b038"
            ],
            "index": "pypi",
            "version": "==2.2.10"
        },
        "django-json-secrets": {
            "hashes": [
                "sha256:85c5b0d93ead05d78c7f15c75a569a0eca53422957ec973c161d252562d38a00"
            ],
            "index": "pypi",
            "version": "==0.1.10"
        },
        "django-sass-processor": {
            "hashes": [
                "sha256:06eb0576b2a1fe4b49e0d33289e12f258d91809a8b1df3a524fd85d0de8c19de"
            ],
            "index": "pypi",
            "version": "==0.7.1"
        },
        "djangorestframework": {
            "hashes": [
                "sha256:b6714c3e4b0f8d524f193c91ecf5f5450092c2145439ac2769711f7eba89a9d9",
                "sha256:c375e4f95a3a64fccac412e36fb42ba36881e52313ec021ef410b40f67cddca4"
            ],
            "index": "pypi",
            "version": "==3.8.2"
        },
        "iamport-rest-client": {
            "hashes": [
                "sha256:70eef12aad274881c18589b29a43df0db1444bf8580df82222b89c12d16da8be"
            ],
            "index": "pypi",
            "version": "==0.7.0"
        },
        "idna": {
            "hashes": [
                "sha256:c357b3f628cf53ae2c4c05627ecc484553142ca23264e593d327bcde5e9c3407",
                "sha256:ea8b7f6188e6fa117537c3df7da9fc686d485087abf6ac197f9c46432f7e4a3c"
            ],
            "version": "==2.8"
        },
        "importlib-metadata": {
            "hashes": [
                "sha256:06f5b3a99029c7134207dd882428a66992a9de2bef7c2b699b5641f9886c3302",
                "sha256:b97607a1a18a5100839aec1dc26a1ea17ee0d93b20b0f008d80a5a050afb200b"
            ],
            "markers": "python_version < '3.8'",
            "version": "==1.5.0"
        },
        "model-mommy": {
            "hashes": [
                "sha256:0e42c8f4a37c874dd81675ef8a385d3a25877082565e0d213022898c637f6f25",
                "sha256:8313c253617255060de474cdfcc0f7517e42deafc5619fec832a6c04b292b5d7"
            ],
            "index": "pypi",
            "version": "==1.6.0"
        },
        "more-itertools": {
            "hashes": [
                "sha256:5dd8bcf33e5f9513ffa06d5ad33d78f31e1931ac9a18f33d37e77a180d393a7c",
                "sha256:b1ddb932186d8a6ac451e1d95844b382f55e12686d51ca0c68b6f61f2ab7a507"
            ],
            "version": "==8.2.0"
        },
        "packaging": {
            "hashes": [
                "sha256:170748228214b70b672c581a3dd610ee51f733018650740e98c7df862a583f73",
                "sha256:e665345f9eef0c621aa0bf2f8d78cf6d21904eef16a93f020240b704a57f1334"
            ],
            "version": "==20.1"
        },
        "pillow": {
            "hashes": [
                "sha256:00203f406818c3f45d47bb8fe7e67d3feddb8dcbbd45a289a1de7dd789226360",
                "sha256:0616f800f348664e694dddb0b0c88d26761dd5e9f34e1ed7b7a7d2da14b40cb7",
                "sha256:1f7908aab90c92ad85af9d2fec5fc79456a89b3adcc26314d2cde0e238bd789e",
                "sha256:2ea3517cd5779843de8a759c2349a3cd8d3893e03ab47053b66d5ec6f8bc4f93",
                "sha256:48a9f0538c91fc136b3a576bee0e7cd174773dc9920b310c21dcb5519722e82c",
                "sha256:5280ebc42641a1283b7b1f2c20e5b936692198b9dd9995527c18b794850be1a8",
                "sha256:5e34e4b5764af65551647f5cc67cf5198c1d05621781d5173b342e5e55bf023b",
                "sha256:63b120421ab85cad909792583f83b6ca3584610c2fe70751e23f606a3c2e87f0",
                "sha256:696b5e0109fe368d0057f484e2e91717b49a03f1e310f857f133a4acec9f91dd",
                "sha256:870ed021a42b1b02b5fe4a739ea735f671a84128c0a666c705db2cb9abd528eb",
                "sha256:916da1c19e4012d06a372127d7140dae894806fad67ef44330e5600d77833581",
                "sha256:9303a289fa0811e1c6abd9ddebfc770556d7c3311cb2b32eff72164ddc49bc64",
                "sha256:9577888ecc0ad7d06c3746afaba339c94d62b59da16f7a5d1cff9e491f23dace",
                "sha256:987e1c94a33c93d9b209315bfda9faa54b8edfce6438a1e93ae866ba20de5956",
                "sha256:99a3bbdbb844f4fb5d6dd59fac836a40749781c1fa63c563bc216c27aef63f60",
                "sha256:99db8dc3097ceafbcff9cb2bff384b974795edeb11d167d391a02c7bfeeb6e16",
                "sha256:a5a96cf49eb580756a44ecf12949e52f211e20bffbf5a95760ac14b1e499cd37",
                "sha256:aa6ca3eb56704cdc0d876fc6047ffd5ee960caad52452fbee0f99908a141a0ae",
                "sha256:aade5e66795c94e4a2b2624affeea8979648d1b0ae3fcee17e74e2c647fc4a8a",
                "sha256:b78905860336c1d292409e3df6ad39cc1f1c7f0964e66844bbc2ebfca434d073",
                "sha256:b92f521cdc4e4a3041cc343625b699f20b0b5f976793fb45681aac1efda565f8",
                "sha256:bfde84bbd6ae5f782206d454b67b7ee8f7f818c29b99fd02bf022fd33bab14cb",
                "sha256:c2b62d3df80e694c0e4a0ed47754c9480521e25642251b3ab1dff050a4e60409",
                "sha256:c5e2be6c263b64f6f7656e23e18a4a9980cffc671442795682e8c4e4f815dd9f",
                "sha256:c99aa3c63104e0818ec566f8ff3942fb7c7a8f35f9912cb63fd8e12318b214b2",
                "sha256:dae06620d3978da346375ebf88b9e2dd7d151335ba668c995aea9ed07af7add4",
                "sha256:db5499d0710823fa4fb88206050d46544e8f0e0136a9a5f5570b026584c8fd74",
                "sha256:f36baafd82119c4a114b9518202f2a983819101dcc14b26e43fc12cbefdce00e",
                "sha256:f52b79c8796d81391ab295b04e520bda6feed54d54931708872e8f9ae9db0ea1",
                "sha256:ff8cff01582fa1a7e533cb97f628531c4014af4b5f38e33cdcfe5eec29b6d888"
            ],
            "index": "pypi",
            "version": "==5.3.0"
        },
        "pluggy": {
            "hashes": [
                "sha256:15b2acde666561e1298d71b523007ed7364de07029219b604cf808bfa1c765b0",
                "sha256:966c145cd83c96502c3c3868f50408687b38434af77734af1e9ca461a4081d2d"
            ],
            "version": "==0.13.1"
        },
        "py": {
            "hashes": [
                "sha256:5e27081401262157467ad6e7f851b7aa402c5852dbcb3dae06768434de5752aa",
                "sha256:c20fdd83a5dbc0af9efd622bee9a5564e278f6380fffcacc43ba6f43db2813b0"
            ],
            "version": "==1.8.1"
        },
        "pyparsing": {
            "hashes": [
                "sha256:4c830582a84fb022400b85429791bc551f1f4871c33f23e44f353119e92f969f",
                "sha256:c342dccb5250c08d45fd6f8b4a559613ca603b57498511740e65cd11a2e7dcec"
            ],
            "version": "==2.4.6"
        },
        "pytest": {
            "hashes": [
                "sha256:0d5fe9189a148acc3c3eb2ac8e1ac0742cb7618c084f3d228baaec0c254b318d",
                "sha256:ff615c761e25eb25df19edddc0b970302d2a9091fbce0e7213298d85fb61fef6"
            ],
            "version": "==5.3.5"
        },
        "pytest-cov": {
            "hashes": [
                "sha256:513c425e931a0344944f84ea47f3956be0e416d95acbd897a44970c8d926d5d7",
                "sha256:e360f048b7dae3f2f2a9a4d067b2dd6b6a015d384d1577c994a43f3f7cbad762"
            ],
            "index": "pypi",
            "version": "==2.6.0"
        },
        "pytest-django": {
            "hashes": [
                "sha256:49e9ffc856bc6a1bec1c26c5c7b7213dff7cc8bc6b64d624c4d143d04aff0bcf",
                "sha256:b379282feaf89069cb790775ab6bbbd2bd2038a68c7ef9b84a41898e0b551081"
            ],
            "index": "pypi",
            "version": "==3.4.3"
        },
        "pytz": {
            "hashes": [
                "sha256:1c557d7d0e871de1f5ccd5833f60fb2550652da6be2693c1e02300743d21500d",
                "sha256:b02c06db6cf09c12dd25137e563b31700d3b80fcc4ad23abb7a315f2789819be"
            ],
            "version": "==2019.3"
        },
        "requests": {
            "hashes": [
                "sha256:11e007a8a2aa0323f5a921e9e6a2d7e4e67d9877e85773fba9ba6419025cbeb4",
                "sha256:9cf5292fcd0f598c671cfc1e0d7d1a7f13bb8085e9a590f48c010551dc6c4b31"
            ],
            "version": "==2.22.0"
        },
        "selenium": {
            "hashes": [
                "sha256:ab192cd046164c40fabcf44b47c66c8b12495142f4a69dcc55ea6eeef096e614",
                "sha256:fdb6b1143d8899e8a32e358ad05bf5d89a480dbac359dbbd341592aa8696dcd1"
            ],
            "index": "pypi",
            "version": "==3.14.1"
        },
        "six": {
            "hashes": [
                "sha256:236bdbdce46e6e6a3d61a337c0f8b763ca1e8717c03b369e87a7ec7ce1319c0a",
                "sha256:8f3cd2e254d8f793e7f3d6d9df77b92252b52637291d0f0da013c76ea2724b6c"
            ],
            "version": "==1.14.0"
        },
        "sqlparse": {
            "hashes": [
                "sha256:40afe6b8d4b1117e7dff5504d7a8ce07d9a1b15aeeade8a2d10f130a834f8177",
                "sha256:7c3dca29c022744e95b547e867cee89f4fce4373f3549ccd8797d8eb52cdb873"
            ],
            "version": "==0.3.0"
        },
        "urllib3": {
            "hashes": [
                "sha256:2f3db8b19923a873b3e5256dc9c2dedfa883e33d87c690d9c7913e1f40673cdc",
                "sha256:87716c2d2a7121198ebcb7ce7cccf6ce5e9ba539041cfbaeecfb641dc0bf6acc"
            ],
            "version": "==1.25.8"
        },
        "wcwidth": {
            "hashes": [
                "sha256:8fd29383f539be45b20bd4df0dc29c20ba48654a41e661925e612311e9f3c603",
                "sha256:f28b3e8a6483e5d49e7f8949ac1a78314e740333ae305b4ba5defd3e74fb37a8"
            ],
            "version": "==0.1.8"
        },
        "zipp": {
            "hashes": [
                "sha256:5c56e330306215cd3553342cfafc73dda2c60792384117893f3a83f8a1209f50",
                "sha256:d65287feb793213ffe11c0f31b81602be31448f38aeb8ffc2eb286c4f6f6657e"
            ],
            "version": "==2.2.0"
        }
    },
    "develop": {
        "asgiref": {
            "hashes": [
                "sha256:7e06d934a7718bf3975acbf87780ba678957b87c7adc056f13b6215d610695a0",
                "sha256:ea448f92fc35a0ef4b1508f53a04c4670255a3f33d22a81c8fc9c872036adbe5"
            ],
            "version": "==3.2.3"
        },
        "awsebcli": {
            "hashes": [
                "sha256:b2dff9efbd83979b8050a95803eb88b0902660d926eae31e3a0bfe0836c2d318"
            ],
            "index": "pypi",
            "version": "==3.14.6"
        },
        "backcall": {
            "hashes": [
                "sha256:38ecd85be2c1e78f77fd91700c76e14667dc21e2713b63876c0eb901196e01e4",
                "sha256:bbbf4b1e5cd2bdb08f915895b51081c041bac22394fdfcfdfbe9f14b77c08bf2"
            ],
            "version": "==0.1.0"
        },
        "blessed": {
            "hashes": [
                "sha256:401e6116c2e34f6c11dd9f5f24e820afd4a4892d2904fcdc8f0b70c618eb099f"
            ],
            "version": "==1.17.2"
        },
        "botocore": {
            "hashes": [
                "sha256:3baf129118575602ada9926f5166d82d02273c250d0feb313fc270944b27c48b",
                "sha256:dc080aed4f9b220a9e916ca29ca97a9d37e8e1d296fe89cbaeef929bf0c8066b"
            ],
            "version": "==1.12.253"
        },
        "cached-property": {
            "hashes": [
                "sha256:3a026f1a54135677e7da5ce819b0c690f156f37976f3e30c5430740725203d7f",
                "sha256:9217a59f14a5682da7c4b8829deadbfc194ac22e9908ccf7c8820234e80a1504"
            ],
            "version": "==1.5.1"
        },
        "cement": {
            "hashes": [
                "sha256:8765ed052c061d74e4d0189addc33d268de544ca219b259d797741f725e422d2"
            ],
            "version": "==2.8.2"
        },
        "certifi": {
            "hashes": [
                "sha256:017c25db2a153ce562900032d5bc68e9f191e44e9a0f762f373977de9df1fbb3",
                "sha256:25b64c7da4cd7479594d035c08c2d809eb4aab3a26e5a990ea98cc450c320f1f"
            ],
            "version": "==2019.11.28"
        },
        "chardet": {
            "hashes": [
                "sha256:84ab92ed1c4d4f16916e05906b6b75a6c0fb5db821cc65e70cbd64a3e2a5eaae",
                "sha256:fc323ffcaeaed0e0a02bf4d117757b98aed530d9ed4531e3e15460124c106691"
            ],
            "version": "==3.0.4"
        },
        "colorama": {
            "hashes": [
                "sha256:463f8483208e921368c9f306094eb6f725c6ca42b0f97e313cb5d5512459feda",
                "sha256:48eb22f4f8461b1df5734a074b57042430fb06e1d61bd1e11b078c0fe6d7a1f1"
            ],
            "version": "==0.3.9"
        },
        "decorator": {
            "hashes": [
                "sha256:54c38050039232e1db4ad7375cfce6748d7b41c29e95a081c8a6d2c30364a2ce",
                "sha256:5d19b92a3c8f7f101c8dd86afd86b0f061a8ce4540ab8cd401fa2542756bce6d"
            ],
            "version": "==4.4.1"
        },
        "django": {
            "hashes": [
                "sha256:1226168be1b1c7efd0e66ee79b0e0b58b2caa7ed87717909cd8a57bb13a7079a",
                "sha256:9a4635813e2d498a3c01b10c701fe4a515d76dd290aaa792ccb65ca4ccb6b038"
            ],
            "index": "pypi",
            "version": "==2.2.10"
        },
        "django-appconf": {
            "hashes": [
                "sha256:35f13ca4d567f132b960e2cd4c832c2d03cb6543452d34e29b7ba10371ba80e3",
                "sha256:c98a7af40062e996b921f5962a1c4f3f0c979fa7885f7be4710cceb90ebe13a6"
            ],
            "version": "==1.0.3"
        },
        "django-compressor": {
            "hashes": [
                "sha256:7732676cfb9d58498dfb522b036f75f3f253f72ea1345ac036434fdc418c2e57",
                "sha256:9616570e5b08e92fa9eadc7a1b1b49639cce07ef392fc27c74230ab08075b30f"
            ],
            "index": "pypi",
            "version": "==2.2"
        },
        "django-debug-toolbar": {
            "hashes": [
                "sha256:08e0e43f6c1fd9820af4cbdcd54b5fb80bf83a2e08b2cc952547a671174999b8",
                "sha256:1dcae28d430522debafde2602b3450eb784410b78e16c29a00448032df2a4c90"
            ],
            "index": "pypi",
            "version": "==1.10.1"
        },
        "django-extensions": {
            "hashes": [
                "sha256:30cb6a8c7d6f75a55edf0c0c4491bd98f8264ae1616ce105f9cecac4387edd07",
                "sha256:4ad86a7a5e84f1c77db030761ae87a600647250c652030a2b71a16e87f3a3d62"
            ],
            "index": "pypi",
            "version": "==2.1.3"
        },
        "docker": {
            "hashes": [
                "sha256:2434b396e616a5ef682fbf80e04839a59e8b81880ece5662c33dff34b8863519",
                "sha256:a062a9f82dff025f79c2097c46f49f143f8898274db7e66041f78cafee66b962"
            ],
            "version": "==3.7.3"
        },
        "docker-compose": {
            "hashes": [
                "sha256:27b8dab8d12b8aaedf16fcf829d3ae7cd107d819082d35e6fe248e74e2294093",
                "sha256:68b07193755440d5f8d4f47e6f3484212afc255d5b785a81353ea1e9298c1c2c"
            ],
            "version": "==1.21.2"
        },
        "docker-pycreds": {
            "hashes": [
                "sha256:6ce3270bcaf404cc4c3e27e4b6c70d3521deae82fb508767870fdbf772d584d4",
                "sha256:7266112468627868005106ec19cd0d722702d2b7d5912a28e19b826c3d37af49"
            ],
            "version": "==0.4.0"
        },
        "dockerpty": {
            "hashes": [
                "sha256:69a9d69d573a0daa31bcd1c0774eeed5c15c295fe719c61aca550ed1393156ce"
            ],
            "version": "==0.4.1"
        },
        "docopt": {
            "hashes": [
                "sha256:49b3a825280bd66b3aa83585ef59c4a8c82f2c8a522dbe754a8bc8d08c85c491"
            ],
            "version": "==0.6.2"
        },
        "docutils": {
            "hashes": [
                "sha256:6c4f696463b79f1fb8ba0c594b63840ebd41f059e92b31957c46b74a4599b6d0",
                "sha256:9e4d7ecfc600058e07ba661411a2b7de2fd0fafa17d1a7f7361cd47b1175c827",
                "sha256:a2aeea129088da402665e92e0b25b04b073c04b2dce4ab65caaa38b7ce2e1a99"
            ],
            "version": "==0.15.2"
        },
        "idna": {
            "hashes": [
                "sha256:c357b3f628cf53ae2c4c05627ecc484553142ca23264e593d327bcde5e9c3407",
                "sha256:ea8b7f6188e6fa117537c3df7da9fc686d485087abf6ac197f9c46432f7e4a3c"
            ],
            "version": "==2.8"
        },
        "ipython": {
            "hashes": [
                "sha256:47b17ea874454a5c2eacc2732b04a750d260b01ba479323155ac8a39031f5535",
                "sha256:9fed506c3772c875a3048bc134a25e6f5e997b1569b2636f6a5d891f34cbfd46"
            ],
            "index": "pypi",
            "version": "==7.0.1"
        },
        "ipython-genutils": {
            "hashes": [
                "sha256:72dd37233799e619666c9f639a9da83c34013a73e8bbc79a7a6348d93c61fab8",
                "sha256:eb2e116e75ecef9d4d228fdc66af54269afa26ab4463042e33785b887c628ba8"
            ],
            "version": "==0.2.0"
        },
        "jedi": {
            "hashes": [
                "sha256:b4f4052551025c6b0b0b193b29a6ff7bdb74c52450631206c262aef9f7159ad2",
                "sha256:d5c871cb9360b414f981e7072c52c33258d598305280fef91c6cae34739d65d5"
            ],
            "version": "==0.16.0"
        },
        "jmespath": {
            "hashes": [
                "sha256:3720a4b1bd659dd2eecad0666459b9788813e032b83e7ba58578e48254e0a0e6",
                "sha256:bde2aef6f44302dfb30320115b17d030798de8c4110e28d5cf6cf91a7a31074c"
            ],
            "version": "==0.9.4"
        },
        "jsonschema": {
            "hashes": [
                "sha256:000e68abd33c972a5248544925a0cae7d1125f9bf6c58280d37546b946769a08",
                "sha256:6ff5f3180870836cae40f06fa10419f557208175f13ad7bc26caa77beb1f6e02"
            ],
            "version": "==2.6.0"
        },
        "libsass": {
            "hashes": [
                "sha256:2313f0e82de034eea59443c8f69420c60c55f7c07fd3b59ea7e7a108b36e9d86",
                "sha256:81d63f915d12bbff9931beac3eb6e20c17c40a0da06c3f0173bbacd6568c302c",
                "sha256:8731fb9b4d3151b82d46a4495c8e2b322705cacbcb963c4bfe51d8a5a0c016e7",
                "sha256:938518d827905c83d774a190cc6257b8183edea577485c20de7d49af5ccbeea6",
                "sha256:95109c996ea5cf598344971e7c50847930f1d5dc110b4fc989c047d3b63c0c92",
                "sha256:99d952ac9315af4494eedb1c38e13a16c7c49a6ca056262353e9433f086a1fe3",
                "sha256:9c87df48b541276cc8b03316ab558b4019f16e158786923950926a6ce756124a",
                "sha256:9f740659ec137cafbfd2298e77f21ceb1e40d30c578bd047e55e09da9220048e",
                "sha256:a1315327c134d5ec8f90b4185e1ff2369be0108733f1be0c2ae8ba629c514ef1",
                "sha256:bcbbb4fdd3117e00dc43594fe7e3b10fe17ada8932734287b2680fca18e118c9",
                "sha256:daa7ea2b3b24585cff907320d071992ffea3ba36c4523f90798f27d1c4a9ef66",
                "sha256:e0046d841469df8f578d7bbeb6859502cd4b09b9d559451a35392256423559ea",
                "sha256:e39800d946b9b11d956f02e158eeb85b86ae5b801e63c335f83609d2811b643a"
            ],
            "index": "pypi",
            "version": "==0.15.1"
        },
        "parso": {
            "hashes": [
                "sha256:56b2105a80e9c4df49de85e125feb6be69f49920e121406f15e7acde6c9dfc57",
                "sha256:951af01f61e6dccd04159042a0706a31ad437864ec6e25d0d7a96a9fbb9b0095"
            ],
            "version": "==0.6.1"
        },
        "pathspec": {
            "hashes": [
                "sha256:72c495d1bbe76674219e307f6d1c6062f2e1b0b483a5e4886435127d0df3d0d3"
            ],
            "version": "==0.5.5"
        },
        "pexpect": {
            "hashes": [
                "sha256:0b48a55dcb3c05f3329815901ea4fc1537514d6ba867a152b581d69ae3710937",
                "sha256:fc65a43959d153d0114afe13997d439c22823a27cefceb5ff35c2178c6784c0c"
            ],
            "markers": "sys_platform != 'win32'",
            "version": "==4.8.0"
        },
        "pickleshare": {
            "hashes": [
                "sha256:87683d47965c1da65cdacaf31c8441d12b8044cdec9aca500cd78fc2c683afca",
                "sha256:9649af414d74d4df115d5d718f82acb59c9d418196b7b4290ed47a12ce62df56"
            ],
            "version": "==0.7.5"
        },
        "prompt-toolkit": {
            "hashes": [
                "sha256:46642344ce457641f28fc9d1c9ca939b63dadf8df128b86f1b9860e59c73a5e4",
                "sha256:e7f8af9e3d70f514373bf41aa51bc33af12a6db3f71461ea47fea985defb2c31",
                "sha256:f15af68f66e664eaa559d4ac8a928111eebd5feda0c11738b5998045224829db"
            ],
            "version": "==2.0.10"
        },
        "ptyprocess": {
            "hashes": [
                "sha256:923f299cc5ad920c68f2bc0bc98b75b9f838b93b599941a6b63ddbc2476394c0",
                "sha256:d7cc528d76e76342423ca640335bd3633420dc1366f258cb31d05e865ef5ca1f"
            ],
            "version": "==0.6.0"
        },
        "pygments": {
            "hashes": [
                "sha256:2a3fe295e54a20164a9df49c75fa58526d3be48e14aceba6d6b1e8ac0bfd6f1b",
                "sha256:98c8aa5a9f778fcd1026a17361ddaf7330d1b7c62ae97c3bb0ae73e0b9b6b0fe"
            ],
            "version": "==2.5.2"
        },
        "python-dateutil": {
            "hashes": [
                "sha256:73ebfe9dbf22e832286dafa60473e4cd239f8592f699aa5adaf10050e6e1823c",
                "sha256:75bb3f31ea686f1197762692a9ee6a7550b59fc6ca3a1f4b5d7e32fb98e2da2a"
            ],
            "markers": "python_version >= '2.7'",
            "version": "==2.8.1"
        },
        "pytz": {
            "hashes": [
                "sha256:1c557d7d0e871de1f5ccd5833f60fb2550652da6be2693c1e02300743d21500d",
                "sha256:b02c06db6cf09c12dd25137e563b31700d3b80fcc4ad23abb7a315f2789819be"
            ],
            "version": "==2019.3"
        },
        "pyyaml": {
            "hashes": [
                "sha256:3d7da3009c0f3e783b2c873687652d83b1bbfd5c88e9813fb7e5b03c0dd3108b",
                "sha256:3ef3092145e9b70e3ddd2c7ad59bdd0252a94dfe3949721633e41344de00a6bf",
                "sha256:40c71b8e076d0550b2e6380bada1f1cd1017b882f7e16f09a65be98e017f211a",
                "sha256:558dd60b890ba8fd982e05941927a3911dc409a63dcb8b634feaa0cda69330d3",
                "sha256:a7c28b45d9f99102fa092bb213aa12e0aaf9a6a1f5e395d36166639c1f96c3a1",
                "sha256:aa7dd4a6a427aed7df6fb7f08a580d68d9b118d90310374716ae90b710280af1",
                "sha256:bc558586e6045763782014934bfaf39d48b8ae85a2713117d16c39864085c613",
                "sha256:d46d7982b62e0729ad0175a9bc7e10a566fc07b224d2c79fafb5e032727eaa04",
                "sha256:d5eef459e30b09f5a098b9cea68bebfeb268697f78d647bd255a085371ac7f3f",
                "sha256:e01d3203230e1786cd91ccfdc8f8454c8069c91bee3962ad93b87a4b2860f537",
                "sha256:e170a9e6fcfd19021dd29845af83bb79236068bf5fd4df3327c1be18182b2531"
            ],
            "version": "==3.13"
        },
        "rcssmin": {
            "hashes": [
                "sha256:ca87b695d3d7864157773a61263e5abb96006e9ff0e021eff90cbe0e1ba18270"
            ],
            "version": "==1.0.6"
        },
        "requests": {
            "hashes": [
                "sha256:11e007a8a2aa0323f5a921e9e6a2d7e4e67d9877e85773fba9ba6419025cbeb4",
                "sha256:9cf5292fcd0f598c671cfc1e0d7d1a7f13bb8085e9a590f48c010551dc6c4b31"
            ],
            "version": "==2.22.0"
        },
        "rjsmin": {
            "hashes": [
                "sha256:dd9591aa73500b08b7db24367f8d32c6470021f39d5ab4e50c7c02e4401386f1"
            ],
            "version": "==1.0.12"
        },
        "semantic-version": {
            "hashes": [
                "sha256:3baad35dcb074a49419539cea6a33b484706b6c2dd03f05b67763eba4c1bb65c",
                "sha256:75aa594dc3c8000102a35b92e0e21db7b88e083bcb95d0499dea8494b549c3f2"
            ],
            "version": "==2.5.0"
        },
        "simplegeneric": {
            "hashes": [
                "sha256:dc972e06094b9af5b855b3df4a646395e43d1c9d0d39ed345b7393560d0b9173"
            ],
            "version": "==0.8.1"
        },
        "six": {
            "hashes": [
                "sha256:236bdbdce46e6e6a3d61a337c0f8b763ca1e8717c03b369e87a7ec7ce1319c0a",
                "sha256:8f3cd2e254d8f793e7f3d6d9df77b92252b52637291d0f0da013c76ea2724b6c"
            ],
            "version": "==1.14.0"
        },
        "sqlparse": {
            "hashes": [
                "sha256:40afe6b8d4b1117e7dff5504d7a8ce07d9a1b15aeeade8a2d10f130a834f8177",
                "sha256:7c3dca29c022744e95b547e867cee89f4fce4373f3549ccd8797d8eb52cdb873"
            ],
            "version": "==0.3.0"
        },
        "termcolor": {
            "hashes": [
                "sha256:1d6d69ce66211143803fbc56652b41d73b4a400a2891d7bf7a1cdf4c02de613b"
            ],
            "version": "==1.1.0"
        },
        "texttable": {
            "hashes": [
                "sha256:119041773ff03596b56392532f9315cb3a3116e404fd6f36e76a7dc088d95c79"
            ],
            "version": "==0.9.1"
        },
        "traitlets": {
            "hashes": [
                "sha256:70b4c6a1d9019d7b4f6846832288f86998aa3b9207c6821f3578a6a6a467fe44",
                "sha256:d023ee369ddd2763310e4c3eae1ff649689440d4ae59d7485eb4cfbbe3e359f7"
            ],
            "version": "==4.3.3"
        },
        "urllib3": {
            "hashes": [
                "sha256:2f3db8b19923a873b3e5256dc9c2dedfa883e33d87c690d9c7913e1f40673cdc",
                "sha256:87716c2d2a7121198ebcb7ce7cccf6ce5e9ba539041cfbaeecfb641dc0bf6acc"
            ],
            "version": "==1.25.8"
        },
        "wcwidth": {
            "hashes": [
                "sha256:8fd29383f539be45b20bd4df0dc29c20ba48654a41e661925e612311e9f3c603",
                "sha256:f28b3e8a6483e5d49e7f8949ac1a78314e740333ae305b4ba5defd3e74fb37a8"
            ],
            "version": "==0.1.8"
        },
        "websocket-client": {
            "hashes": [
                "sha256:0fc45c961324d79c781bab301359d5a1b00b13ad1b10415a4780229ef71a5549",
                "sha256:d735b91d6d1692a6a181f2a8c9e0238e5f6373356f561bb9dc4c7af36f452010"
            ],
            "version": "==0.57.0"
        }
    }
}
